// !$*UTF8*$!
{
	archiveVersion = 1;
	classes = {
	};
	objectVersion = 50;
	objects = {

/* Begin PBXBuildFile section */
		54F4BE4522AE5D1300FD9925 /* AppDelegate.swift in Sources */ = {isa = PBXBuildFile; fileRef = 54F4BE4422AE5D1300FD9925 /* AppDelegate.swift */; };
		54F4BE4722AE5D1300FD9925 /* SceneDelegate.swift in Sources */ = {isa = PBXBuildFile; fileRef = 54F4BE4622AE5D1300FD9925 /* SceneDelegate.swift */; };
		54F4BE4922AE5D1300FD9925 /* ContentView.swift in Sources */ = {isa = PBXBuildFile; fileRef = 54F4BE4822AE5D1300FD9925 /* ContentView.swift */; };
		54F4BE4B22AE5D1500FD9925 /* Assets.xcassets in Resources */ = {isa = PBXBuildFile; fileRef = 54F4BE4A22AE5D1500FD9925 /* Assets.xcassets */; };
		54F4BE4E22AE5D1500FD9925 /* Preview Assets.xcassets in Resources */ = {isa = PBXBuildFile; fileRef = 54F4BE4D22AE5D1500FD9925 /* Preview Assets.xcassets */; };
		54F4BE5122AE5D1500FD9925 /* LaunchScreen.storyboard in Resources */ = {isa = PBXBuildFile; fileRef = 54F4BE4F22AE5D1500FD9925 /* LaunchScreen.storyboard */; };
		54F4BE5C22AE5D1500FD9925 /* SwiftUIDemoTests.swift in Sources */ = {isa = PBXBuildFile; fileRef = 54F4BE5B22AE5D1500FD9925 /* SwiftUIDemoTests.swift */; };
		54F4BE6722AE5D1500FD9925 /* SwiftUIDemoUITests.swift in Sources */ = {isa = PBXBuildFile; fileRef = 54F4BE6622AE5D1500FD9925 /* SwiftUIDemoUITests.swift */; };
/* End PBXBuildFile section */

/* Begin PBXContainerItemProxy section */
		54F4BE5822AE5D1500FD9925 /* PBXContainerItemProxy */ = {
			isa = PBXContainerItemProxy;
			containerPortal = 54F4BE3922AE5D1300FD9925 /* Project object */;
			proxyType = 1;
			remoteGlobalIDString = 54F4BE4022AE5D1300FD9925;
			remoteInfo = SwiftUIDemo;
		};
		54F4BE6322AE5D1500FD9925 /* PBXContainerItemProxy */ = {
			isa = PBXContainerItemProxy;
			containerPortal = 54F4BE3922AE5D1300FD9925 /* Project object */;
			proxyType = 1;
			remoteGlobalIDString = 54F4BE4022AE5D1300FD9925;
			remoteInfo = SwiftUIDemo;
		};
/* End PBXContainerItemProxy section */

/* Begin PBXFileReference section */
		54F4BE4122AE5D1300FD9925 /* SwiftUIDemo.app */ = {isa = PBXFileReference; explicitFileType = wrapper.application; includeInIndex = 0; path = SwiftUIDemo.app; sourceTree = BUILT_PRODUCTS_DIR; };
		54F4BE4422AE5D1300FD9925 /* AppDelegate.swift */ = {isa = PBXFileReference; lastKnownFileType = sourcecode.swift; path = AppDelegate.swift; sourceTree = "<group>"; };
		54F4BE4622AE5D1300FD9925 /* SceneDelegate.swift */ = {isa = PBXFileReference; lastKnownFileType = sourcecode.swift; path = SceneDelegate.swift; sourceTree = "<group>"; };
		54F4BE4822AE5D1300FD9925 /* ContentView.swift */ = {isa = PBXFileReference; lastKnownFileType = sourcecode.swift; path = ContentView.swift; sourceTree = "<group>"; };
		54F4BE4A22AE5D1500FD9925 /* Assets.xcassets */ = {isa = PBXFileReference; lastKnownFileType = folder.assetcatalog; path = Assets.xcassets; sourceTree = "<group>"; };
		54F4BE4D22AE5D1500FD9925 /* Preview Assets.xcassets */ = {isa = PBXFileReference; lastKnownFileType = folder.assetcatalog; path = "Preview Assets.xcassets"; sourceTree = "<group>"; };
		54F4BE5022AE5D1500FD9925 /* Base */ = {isa = PBXFileReference; lastKnownFileType = file.storyboard; name = Base; path = Base.lproj/LaunchScreen.storyboard; sourceTree = "<group>"; };
		54F4BE5222AE5D1500FD9925 /* Info.plist */ = {isa = PBXFileReference; lastKnownFileType = text.plist.xml; path = Info.plist; sourceTree = "<group>"; };
		54F4BE5722AE5D1500FD9925 /* SwiftUIDemoTests.xctest */ = {isa = PBXFileReference; explicitFileType = wrapper.cfbundle; includeInIndex = 0; path = SwiftUIDemoTests.xctest; sourceTree = BUILT_PRODUCTS_DIR; };
		54F4BE5B22AE5D1500FD9925 /* SwiftUIDemoTests.swift */ = {isa = PBXFileReference; lastKnownFileType = sourcecode.swift; path = SwiftUIDemoTests.swift; sourceTree = "<group>"; };
		54F4BE5D22AE5D1500FD9925 /* Info.plist */ = {isa = PBXFileReference; lastKnownFileType = text.plist.xml; path = Info.plist; sourceTree = "<group>"; };
		54F4BE6222AE5D1500FD9925 /* SwiftUIDemoUITests.xctest */ = {isa = PBXFileReference; explicitFileType = wrapper.cfbundle; includeInIndex = 0; path = SwiftUIDemoUITests.xctest; sourceTree = BUILT_PRODUCTS_DIR; };
		54F4BE6622AE5D1500FD9925 /* SwiftUIDemoUITests.swift */ = {isa = PBXFileReference; lastKnownFileType = sourcecode.swift; path = SwiftUIDemoUITests.swift; sourceTree = "<group>"; };
		54F4BE6822AE5D1500FD9925 /* Info.plist */ = {isa = PBXFileReference; lastKnownFileType = text.plist.xml; path = Info.plist; sourceTree = "<group>"; };
/* End PBXFileReference section */

/* Begin PBXFrameworksBuildPhase section */
		54F4BE3E22AE5D1300FD9925 /* Frameworks */ = {
			isa = PBXFrameworksBuildPhase;
			buildActionMask = 2147483647;
			files = (
			);
			runOnlyForDeploymentPostprocessing = 0;
		};
		54F4BE5422AE5D1500FD9925 /* Frameworks */ = {
			isa = PBXFrameworksBuildPhase;
			buildActionMask = 2147483647;
			files = (
			);
			runOnlyForDeploymentPostprocessing = 0;
		};
		54F4BE5F22AE5D1500FD9925 /* Frameworks */ = {
			isa = PBXFrameworksBuildPhase;
			buildActionMask = 2147483647;
			files = (
			);
			runOnlyForDeploymentPostprocessing = 0;
		};
/* End PBXFrameworksBuildPhase section */

/* Begin PBXGroup section */
		54F4BE3822AE5D1300FD9925 = {
			isa = PBXGroup;
			children = (
				54F4BE4322AE5D1300FD9925 /* SwiftUIDemo */,
				54F4BE5A22AE5D1500FD9925 /* SwiftUIDemoTests */,
				54F4BE6522AE5D1500FD9925 /* SwiftUIDemoUITests */,
				54F4BE4222AE5D1300FD9925 /* Products */,
			);
			sourceTree = "<group>";
		};
		54F4BE4222AE5D1300FD9925 /* Products */ = {
			isa = PBXGroup;
			children = (
				54F4BE4122AE5D1300FD9925 /* SwiftUIDemo.app */,
				54F4BE5722AE5D1500FD9925 /* SwiftUIDemoTests.xctest */,
				54F4BE6222AE5D1500FD9925 /* SwiftUIDemoUITests.xctest */,
			);
			name = Products;
			sourceTree = "<group>";
		};
		54F4BE4322AE5D1300FD9925 /* SwiftUIDemo */ = {
			isa = PBXGroup;
			children = (
				54F4BE4422AE5D1300FD9925 /* AppDelegate.swift */,
				54F4BE4622AE5D1300FD9925 /* SceneDelegate.swift */,
				54F4BE4822AE5D1300FD9925 /* ContentView.swift */,
				54F4BE4A22AE5D1500FD9925 /* Assets.xcassets */,
				54F4BE4F22AE5D1500FD9925 /* LaunchScreen.storyboard */,
				54F4BE5222AE5D1500FD9925 /* Info.plist */,
				54F4BE4C22AE5D1500FD9925 /* Preview Content */,
			);
			path = SwiftUIDemo;
			sourceTree = "<group>";
		};
		54F4BE4C22AE5D1500FD9925 /* Preview Content */ = {
			isa = PBXGroup;
			children = (
				54F4BE4D22AE5D1500FD9925 /* Preview Assets.xcassets */,
			);
			path = "Preview Content";
			sourceTree = "<group>";
		};
		54F4BE5A22AE5D1500FD9925 /* SwiftUIDemoTests */ = {
			isa = PBXGroup;
			children = (
				54F4BE5B22AE5D1500FD9925 /* SwiftUIDemoTests.swift */,
				54F4BE5D22AE5D1500FD9925 /* Info.plist */,
			);
			path = SwiftUIDemoTests;
			sourceTree = "<group>";
		};
		54F4BE6522AE5D1500FD9925 /* SwiftUIDemoUITests */ = {
			isa = PBXGroup;
			children = (
				54F4BE6622AE5D1500FD9925 /* SwiftUIDemoUITests.swift */,
				54F4BE6822AE5D1500FD9925 /* Info.plist */,
			);
			path = SwiftUIDemoUITests;
			sourceTree = "<group>";
		};
/* End PBXGroup section */

/* Begin PBXNativeTarget section */
		54F4BE4022AE5D1300FD9925 /* SwiftUIDemo */ = {
			isa = PBXNativeTarget;
			buildConfigurationList = 54F4BE6B22AE5D1500FD9925 /* Build configuration list for PBXNativeTarget "SwiftUIDemo" */;
			buildPhases = (
				54F4BE3D22AE5D1300FD9925 /* Sources */,
				54F4BE3E22AE5D1300FD9925 /* Frameworks */,
				54F4BE3F22AE5D1300FD9925 /* Resources */,
			);
			buildRules = (
			);
			dependencies = (
			);
			name = SwiftUIDemo;
			productName = SwiftUIDemo;
			productReference = 54F4BE4122AE5D1300FD9925 /* SwiftUIDemo.app */;
			productType = "com.apple.product-type.application";
		};
		54F4BE5622AE5D1500FD9925 /* SwiftUIDemoTests */ = {
			isa = PBXNativeTarget;
			buildConfigurationList = 54F4BE6E22AE5D1500FD9925 /* Build configuration list for PBXNativeTarget "SwiftUIDemoTests" */;
			buildPhases = (
				54F4BE5322AE5D1500FD9925 /* Sources */,
				54F4BE5422AE5D1500FD9925 /* Frameworks */,
				54F4BE5522AE5D1500FD9925 /* Resources */,
			);
			buildRules = (
			);
			dependencies = (
				54F4BE5922AE5D1500FD9925 /* PBXTargetDependency */,
			);
			name = SwiftUIDemoTests;
			productName = SwiftUIDemoTests;
			productReference = 54F4BE5722AE5D1500FD9925 /* SwiftUIDemoTests.xctest */;
			productType = "com.apple.product-type.bundle.unit-test";
		};
		54F4BE6122AE5D1500FD9925 /* SwiftUIDemoUITests */ = {
			isa = PBXNativeTarget;
			buildConfigurationList = 54F4BE7122AE5D1500FD9925 /* Build configuration list for PBXNativeTarget "SwiftUIDemoUITests" */;
			buildPhases = (
				54F4BE5E22AE5D1500FD9925 /* Sources */,
				54F4BE5F22AE5D1500FD9925 /* Frameworks */,
				54F4BE6022AE5D1500FD9925 /* Resources */,
			);
			buildRules = (
			);
			dependencies = (
				54F4BE6422AE5D1500FD9925 /* PBXTargetDependency */,
			);
			name = SwiftUIDemoUITests;
			productName = SwiftUIDemoUITests;
			productReference = 54F4BE6222AE5D1500FD9925 /* SwiftUIDemoUITests.xctest */;
			productType = "com.apple.product-type.bundle.ui-testing";
		};
/* End PBXNativeTarget section */

/* Begin PBXProject section */
		54F4BE3922AE5D1300FD9925 /* Project object */ = {
			isa = PBXProject;
			attributes = {
				LastSwiftUpdateCheck = 1100;
				LastUpgradeCheck = 1100;
				ORGANIZATIONNAME = "Rahul Patel";
				TargetAttributes = {
					54F4BE4022AE5D1300FD9925 = {
						CreatedOnToolsVersion = 11.0;
					};
					54F4BE5622AE5D1500FD9925 = {
						CreatedOnToolsVersion = 11.0;
						TestTargetID = 54F4BE4022AE5D1300FD9925;
					};
					54F4BE6122AE5D1500FD9925 = {
						CreatedOnToolsVersion = 11.0;
						TestTargetID = 54F4BE4022AE5D1300FD9925;
					};
				};
			};
			buildConfigurationList = 54F4BE3C22AE5D1300FD9925 /* Build configuration list for PBXProject "SwiftUIDemo" */;
			compatibilityVersion = "Xcode 9.3";
			developmentRegion = en;
			hasScannedForEncodings = 0;
			knownRegions = (
				en,
				Base,
			);
			mainGroup = 54F4BE3822AE5D1300FD9925;
			productRefGroup = 54F4BE4222AE5D1300FD9925 /* Products */;
			projectDirPath = "";
			projectRoot = "";
			targets = (
				54F4BE4022AE5D1300FD9925 /* SwiftUIDemo */,
				54F4BE5622AE5D1500FD9925 /* SwiftUIDemoTests */,
				54F4BE6122AE5D1500FD9925 /* SwiftUIDemoUITests */,
			);
		};
/* End PBXProject section */

/* Begin PBXResourcesBuildPhase section */
		54F4BE3F22AE5D1300FD9925 /* Resources */ = {
			isa = PBXResourcesBuildPhase;
			buildActionMask = 2147483647;
			files = (
				54F4BE5122AE5D1500FD9925 /* LaunchScreen.storyboard in Resources */,
				54F4BE4E22AE5D1500FD9925 /* Preview Assets.xcassets in Resources */,
				54F4BE4B22AE5D1500FD9925 /* Assets.xcassets in Resources */,
			);
			runOnlyForDeploymentPostprocessing = 0;
		};
		54F4BE5522AE5D1500FD9925 /* Resources */ = {
			isa = PBXResourcesBuildPhase;
			buildActionMask = 2147483647;
			files = (
			);
			runOnlyForDeploymentPostprocessing = 0;
		};
		54F4BE6022AE5D1500FD9925 /* Resources */ = {
			isa = PBXResourcesBuildPhase;
			buildActionMask = 2147483647;
			files = (
			);
			runOnlyForDeploymentPostprocessing = 0;
		};
/* End PBXResourcesBuildPhase section */

/* Begin PBXSourcesBuildPhase section */
		54F4BE3D22AE5D1300FD9925 /* Sources */ = {
			isa = PBXSourcesBuildPhase;
			buildActionMask = 2147483647;
			files = (
				54F4BE4522AE5D1300FD9925 /* AppDelegate.swift in Sources */,
				54F4BE4722AE5D1300FD9925 /* SceneDelegate.swift in Sources */,
				54F4BE4922AE5D1300FD9925 /* ContentView.swift in Sources */,
			);
			runOnlyForDeploymentPostprocessing = 0;
		};
		54F4BE5322AE5D1500FD9925 /* Sources */ = {
			isa = PBXSourcesBuildPhase;
			buildActionMask = 2147483647;
			files = (
				54F4BE5C22AE5D1500FD9925 /* SwiftUIDemoTests.swift in Sources */,
			);
			runOnlyForDeploymentPostprocessing = 0;
		};
		54F4BE5E22AE5D1500FD9925 /* Sources */ = {
			isa = PBXSourcesBuildPhase;
			buildActionMask = 2147483647;
			files = (
				54F4BE6722AE5D1500FD9925 /* SwiftUIDemoUITests.swift in Sources */,
			);
			runOnlyForDeploymentPostprocessing = 0;
		};
/* End PBXSourcesBuildPhase section */

/* Begin PBXTargetDependency section */
		54F4BE5922AE5D1500FD9925 /* PBXTargetDependency */ = {
			isa = PBXTargetDependency;
			target = 54F4BE4022AE5D1300FD9925 /* SwiftUIDemo */;
			targetProxy = 54F4BE5822AE5D1500FD9925 /* PBXContainerItemProxy */;
		};
		54F4BE6422AE5D1500FD9925 /* PBXTargetDependency */ = {
			isa = PBXTargetDependency;
			target = 54F4BE4022AE5D1300FD9925 /* SwiftUIDemo */;
			targetProxy = 54F4BE6322AE5D1500FD9925 /* PBXContainerItemProxy */;
		};
/* End PBXTargetDependency section */

/* Begin PBXVariantGroup section */
		54F4BE4F22AE5D1500FD9925 /* LaunchScreen.storyboard */ = {
			isa = PBXVariantGroup;
			children = (
				54F4BE5022AE5D1500FD9925 /* Base */,
			);
			name = LaunchScreen.storyboard;
			sourceTree = "<group>";
		};
/* End PBXVariantGroup section */

/* Begin XCBuildConfiguration section */
		54F4BE6922AE5D1500FD9925 /* Debug */ = {
			isa = XCBuildConfiguration;
			buildSettings = {
				ALWAYS_SEARCH_USER_PATHS = NO;
				CLANG_ANALYZER_NONNULL = YES;
				CLANG_ANALYZER_NUMBER_OBJECT_CONVERSION = YES_AGGRESSIVE;
				CLANG_CXX_LANGUAGE_STANDARD = "gnu++14";
				CLANG_CXX_LIBRARY = "libc++";
				CLANG_ENABLE_MODULES = YES;
				CLANG_ENABLE_OBJC_ARC = YES;
				CLANG_ENABLE_OBJC_WEAK = YES;
				CLANG_WARN_BLOCK_CAPTURE_AUTORELEASING = YES;
				CLANG_WARN_BOOL_CONVERSION = YES;
				CLANG_WARN_COMMA = YES;
				CLANG_WARN_CONSTANT_CONVERSION = YES;
				CLANG_WARN_DEPRECATED_OBJC_IMPLEMENTATIONS = YES;
				CLANG_WARN_DIRECT_OBJC_ISA_USAGE = YES_ERROR;
				CLANG_WARN_DOCUMENTATION_COMMENTS = YES;
				CLANG_WARN_EMPTY_BODY = YES;
				CLANG_WARN_ENUM_CONVERSION = YES;
				CLANG_WARN_INFINITE_RECURSION = YES;
				CLANG_WARN_INT_CONVERSION = YES;
				CLANG_WARN_NON_LITERAL_NULL_CONVERSION = YES;
				CLANG_WARN_OBJC_IMPLICIT_RETAIN_SELF = YES;
				CLANG_WARN_OBJC_LITERAL_CONVERSION = YES;
				CLANG_WARN_OBJC_ROOT_CLASS = YES_ERROR;
				CLANG_WARN_RANGE_LOOP_ANALYSIS = YES;
				CLANG_WARN_STRICT_PROTOTYPES = YES;
				CLANG_WARN_SUSPICIOUS_MOVE = YES;
				CLANG_WARN_UNGUARDED_AVAILABILITY = YES_AGGRESSIVE;
				CLANG_WARN_UNREACHABLE_CODE = YES;
				CLANG_WARN__DUPLICATE_METHOD_MATCH = YES;
				COPY_PHASE_STRIP = NO;
				DEBUG_INFORMATION_FORMAT = dwarf;
				ENABLE_STRICT_OBJC_MSGSEND = YES;
				ENABLE_TESTABILITY = YES;
				GCC_C_LANGUAGE_STANDARD = gnu11;
				GCC_DYNAMIC_NO_PIC = NO;
				GCC_NO_COMMON_BLOCKS = YES;
				GCC_OPTIMIZATION_LEVEL = 0;
				GCC_PREPROCESSOR_DEFINITIONS = (
					"DEBUG=1",
					"$(inherited)",
				);
				GCC_WARN_64_TO_32_BIT_CONVERSION = YES;
				GCC_WARN_ABOUT_RETURN_TYPE = YES_ERROR;
				GCC_WARN_UNDECLARED_SELECTOR = YES;
				GCC_WARN_UNINITIALIZED_AUTOS = YES_AGGRESSIVE;
				GCC_WARN_UNUSED_FUNCTION = YES;
				GCC_WARN_UNUSED_VARIABLE = YES;
				IPHONEOS_DEPLOYMENT_TARGET = 13.0;
				MTL_ENABLE_DEBUG_INFO = INCLUDE_SOURCE;
				MTL_FAST_MATH = YES;
				ONLY_ACTIVE_ARCH = YES;
				SDKROOT = iphoneos;
				SWIFT_ACTIVE_COMPILATION_CONDITIONS = DEBUG;
				SWIFT_OPTIMIZATION_LEVEL = "-Onone";
			};
			name = Debug;
		};
		54F4BE6A22AE5D1500FD9925 /* Release */ = {
			isa = XCBuildConfiguration;
			buildSettings = {
				ALWAYS_SEARCH_USER_PATHS = NO;
				CLANG_ANALYZER_NONNULL = YES;
				CLANG_ANALYZER_NUMBER_OBJECT_CONVERSION = YES_AGGRESSIVE;
				CLANG_CXX_LANGUAGE_STANDARD = "gnu++14";
				CLANG_CXX_LIBRARY = "libc++";
				CLANG_ENABLE_MODULES = YES;
				CLANG_ENABLE_OBJC_ARC = YES;
				CLANG_ENABLE_OBJC_WEAK = YES;
				CLANG_WARN_BLOCK_CAPTURE_AUTORELEASING = YES;
				CLANG_WARN_BOOL_CONVERSION = YES;
				CLANG_WARN_COMMA = YES;
				CLANG_WARN_CONSTANT_CONVERSION = YES;
				CLANG_WARN_DEPRECATED_OBJC_IMPLEMENTATIONS = YES;
				CLANG_WARN_DIRECT_OBJC_ISA_USAGE = YES_ERROR;
				CLANG_WARN_DOCUMENTATION_COMMENTS = YES;
				CLANG_WARN_EMPTY_BODY = YES;
				CLANG_WARN_ENUM_CONVERSION = YES;
				CLANG_WARN_INFINITE_RECURSION = YES;
				CLANG_WARN_INT_CONVERSION = YES;
				CLANG_WARN_NON_LITERAL_NULL_CONVERSION = YES;
				CLANG_WARN_OBJC_IMPLICIT_RETAIN_SELF = YES;
				CLANG_WARN_OBJC_LITERAL_CONVERSION = YES;
				CLANG_WARN_OBJC_ROOT_CLASS = YES_ERROR;
				CLANG_WARN_RANGE_LOOP_ANALYSIS = YES;
				CLANG_WARN_STRICT_PROTOTYPES = YES;
				CLANG_WARN_SUSPICIOUS_MOVE = YES;
				CLANG_WARN_UNGUARDED_AVAILABILITY = YES_AGGRESSIVE;
				CLANG_WARN_UNREACHABLE_CODE = YES;
				CLANG_WARN__DUPLICATE_METHOD_MATCH = YES;
				COPY_PHASE_STRIP = NO;
				DEBUG_INFORMATION_FORMAT = "dwarf-with-dsym";
				ENABLE_NS_ASSERTIONS = NO;
				ENABLE_STRICT_OBJC_MSGSEND = YES;
				GCC_C_LANGUAGE_STANDARD = gnu11;
				GCC_NO_COMMON_BLOCKS = YES;
				GCC_WARN_64_TO_32_BIT_CONVERSION = YES;
				GCC_WARN_ABOUT_RETURN_TYPE = YES_ERROR;
				GCC_WARN_UNDECLARED_SELECTOR = YES;
				GCC_WARN_UNINITIALIZED_AUTOS = YES_AGGRESSIVE;
				GCC_WARN_UNUSED_FUNCTION = YES;
				GCC_WARN_UNUSED_VARIABLE = YES;
				IPHONEOS_DEPLOYMENT_TARGET = 13.0;
				MTL_ENABLE_DEBUG_INFO = NO;
				MTL_FAST_MATH = YES;
				SDKROOT = iphoneos;
				SWIFT_COMPILATION_MODE = wholemodule;
				SWIFT_OPTIMIZATION_LEVEL = "-O";
				VALIDATE_PRODUCT = YES;
			};
			name = Release;
		};
		54F4BE6C22AE5D1500FD9925 /* Debug */ = {
			isa = XCBuildConfiguration;
			buildSettings = {
				ASSETCATALOG_COMPILER_APPICON_NAME = AppIcon;
				CODE_SIGN_STYLE = Automatic;
				DEVELOPMENT_ASSET_PATHS = "SwiftUIDemo/Preview\\ Content";
				DEVELOPMENT_TEAM = PD5AG4P7GX;
				ENABLE_PREVIEWS = YES;
				INFOPLIST_FILE = SwiftUIDemo/Info.plist;
				LD_RUNPATH_SEARCH_PATHS = (
					"$(inherited)",
					"@executable_path/Frameworks",
				);
				PRODUCT_BUNDLE_IDENTIFIER = com.sabrewinginfotech.SwiftUIDemo;
				PRODUCT_NAME = "$(TARGET_NAME)";
				SWIFT_VERSION = 5.0;
				TARGETED_DEVICE_FAMILY = "1,2";
			};
			name = Debug;
		};
		54F4BE6D22AE5D1500FD9925 /* Release */ = {
			isa = XCBuildConfiguration;
			buildSettings = {
				ASSETCATALOG_COMPILER_APPICON_NAME = AppIcon;
				CODE_SIGN_STYLE = Automatic;
				DEVELOPMENT_ASSET_PATHS = "SwiftUIDemo/Preview\\ Content";
				DEVELOPMENT_TEAM = PD5AG4P7GX;
				ENABLE_PREVIEWS = YES;
				INFOPLIST_FILE = SwiftUIDemo/Info.plist;
				LD_RUNPATH_SEARCH_PATHS = (
					"$(inherited)",
					"@executable_path/Frameworks",
				);
				PRODUCT_BUNDLE_IDENTIFIER = com.sabrewinginfotech.SwiftUIDemo;
				PRODUCT_NAME = "$(TARGET_NAME)";
				SWIFT_VERSION = 5.0;
				TARGETED_DEVICE_FAMILY = "1,2";
			};
			name = Release;
		};
		54F4BE6F22AE5D1500FD9925 /* Debug */ = {
			isa = XCBuildConfiguration;
			buildSettings = {
				ALWAYS_EMBED_SWIFT_STANDARD_LIBRARIES = YES;
				BUNDLE_LOADER = "$(TEST_HOST)";
				CODE_SIGN_STYLE = Automatic;
				DEVELOPMENT_TEAM = PD5AG4P7GX;
				INFOPLIST_FILE = SwiftUIDemoTests/Info.plist;
				LD_RUNPATH_SEARCH_PATHS = (
					"$(inherited)",
					"@executable_path/Frameworks",
					"@loader_path/Frameworks",
				);
				PRODUCT_BUNDLE_IDENTIFIER = com.sabrewinginfotech.SwiftUIDemoTests;
				PRODUCT_NAME = "$(TARGET_NAME)";
				SWIFT_VERSION = 5.0;
				TARGETED_DEVICE_FAMILY = "1,2";
				TEST_HOST = "$(BUILT_PRODUCTS_DIR)/SwiftUIDemo.app/SwiftUIDemo";
			};
			name = Debug;
		};
		54F4BE7022AE5D1500FD9925 /* Release */ = {
			isa = XCBuildConfiguration;
			buildSettings = {
				ALWAYS_EMBED_SWIFT_STANDARD_LIBRARIES = YES;
				BUNDLE_LOADER = "$(TEST_HOST)";
				CODE_SIGN_STYLE = Automatic;
				DEVELOPMENT_TEAM = PD5AG4P7GX;
				INFOPLIST_FILE = SwiftUIDemoTests/Info.plist;
				LD_RUNPATH_SEARCH_PATHS = (
					"$(inherited)",
					"@executable_path/Frameworks",
					"@loader_path/Frameworks",
				);
				PRODUCT_BUNDLE_IDENTIFIER = com.sabrewinginfotech.SwiftUIDemoTests;
				PRODUCT_NAME = "$(TARGET_NAME)";
				SWIFT_VERSION = 5.0;
				TARGETED_DEVICE_FAMILY = "1,2";
				TEST_HOST = "$(BUILT_PRODUCTS_DIR)/SwiftUIDemo.app/SwiftUIDemo";
			};
			name = Release;
		};
		54F4BE7222AE5D1500FD9925 /* Debug */ = {
			isa = XCBuildConfiguration;
			buildSettings = {
				ALWAYS_EMBED_SWIFT_STANDARD_LIBRARIES = YES;
				CODE_SIGN_STYLE = Automatic;
				DEVELOPMENT_TEAM = PD5AG4P7GX;
				INFOPLIST_FILE = SwiftUIDemoUITests/Info.plist;
				LD_RUNPATH_SEARCH_PATHS = (
					"$(inherited)",
					"@executable_path/Frameworks",
					"@loader_path/Frameworks",
				);
				PRODUCT_BUNDLE_IDENTIFIER = com.sabrewinginfotech.SwiftUIDemoUITests;
				PRODUCT_NAME = "$(TARGET_NAME)";
				SWIFT_VERSION = 5.0;
				TARGETED_DEVICE_FAMILY = "1,2";
				TEST_TARGET_NAME = SwiftUIDemo;
			};
			name = Debug;
		};
		54F4BE7322AE5D1500FD9925 /* Release */ = {
			isa = XCBuildConfiguration;
			buildSettings = {
				ALWAYS_EMBED_SWIFT_STANDARD_LIBRARIES = YES;
				CODE_SIGN_STYLE = Automatic;
				DEVELOPMENT_TEAM = PD5AG4P7GX;
				INFOPLIST_FILE = SwiftUIDemoUITests/Info.plist;
				LD_RUNPATH_SEARCH_PATHS = (
					"$(inherited)",
					"@executable_path/Frameworks",
					"@loader_path/Frameworks",
				);
				PRODUCT_BUNDLE_IDENTIFIER = com.sabrewinginfotech.SwiftUIDemoUITests;
				PRODUCT_NAME = "$(TARGET_NAME)";
				SWIFT_VERSION = 5.0;
				TARGETED_DEVICE_FAMILY = "1,2";
				TEST_TARGET_NAME = SwiftUIDemo;
			};
			name = Release;
		};
/* End XCBuildConfiguration section */

/* Begin XCConfigurationList section */
		54F4BE3C22AE5D1300FD9925 /* Build configuration list for PBXProject "SwiftUIDemo" */ = {
			isa = XCConfigurationList;
			buildConfigurations = (
				54F4BE6922AE5D1500FD9925 /* Debug */,
				54F4BE6A22AE5D1500FD9925 /* Release */,
			);
			defaultConfigurationIsVisible = 0;
			defaultConfigurationName = Release;
		};
		54F4BE6B22AE5D1500FD9925 /* Build configuration list for PBXNativeTarget "SwiftUIDemo" */ = {
			isa = XCConfigurationList;
			buildConfigurations = (
				54F4BE6C22AE5D1500FD9925 /* Debug */,
				54F4BE6D22AE5D1500FD9925 /* Release */,
			);
			defaultConfigurationIsVisible = 0;
			defaultConfigurationName = Release;
		};
		54F4BE6E22AE5D1500FD9925 /* Build configuration list for PBXNativeTarget "SwiftUIDemoTests" */ = {
			isa = XCConfigurationList;
			buildConfigurations = (
				54F4BE6F22AE5D1500FD9925 /* Debug */,
				54F4BE7022AE5D1500FD9925 /* Release */,
			);
			defaultConfigurationIsVisible = 0;
			defaultConfigurationName = Release;
		};
		54F4BE7122AE5D1500FD9925 /* Build configuration list for PBXNativeTarget "SwiftUIDemoUITests" */ = {
			isa = XCConfigurationList;
			buildConfigurations = (
				54F4BE7222AE5D1500FD9925 /* Debug */,
				54F4BE7322AE5D1500FD9925 /* Release */,
			);
			defaultConfigurationIsVisible = 0;
			defaultConfigurationName = Release;
		};
/* End XCConfigurationList section */
	};
	rootObject = 54F4BE3922AE5D1300FD9925 /* Project object */;
}
